
Microsoft Visual Studio Solution File, Format Version 11.00
# Visual Studio 2010
Project("{888888A0-9F3D-457C-B088-3A5042F75D52}") = "POStagger", "POStagger\POStagger.pyproj", "{18C00E1D-1970-4B8F-9E3A-8CAF01285068}"
EndProject
Global
	GlobalSection(SolutionConfigurationPlatforms) = preSolution
		Debug|Any CPU = Debug|Any CPU
		Release|Any CPU = Release|Any CPU
	EndGlobalSection
	GlobalSection(ProjectConfigurationPlatforms) = postSolution
		{18C00E1D-1970-4B8F-9E3A-8CAF01285068}.Debug|Any CPU.ActiveCfg = Debug|Any CPU
		{18C00E1D-1970-4B8F-9E3A-8CAF01285068}.Debug|Any CPU.Build.0 = Debug|Any CPU
		{18C00E1D-1970-4B8F-9E3A-8CAF01285068}.Release|Any CPU.ActiveCfg = Release|Any CPU
		{18C00E1D-1970-4B8F-9E3A-8CAF01285068}.Release|Any CPU.Build.0 = Release|Any CPU
	EndGlobalSection
	GlobalSection(SolutionProperties) = preSolution
		HideSolutionNode = FALSE
	EndGlobalSection
EndGlobal
